
Microsoft Visual Studio Solution File, Format Version 12.00
# Visual Studio Version 17
VisualStudioVersion = 17.9.34714.143
MinimumVisualStudioVersion = 10.0.40219.1
Project("{FAE04EC0-301F-11D3-BF4B-00C04F79EFBC}") = "BackendAgrosaviaBilingue", "BackendAgrosaviaBilingue.csproj", "{BFF9D801-2F1D-4CB4-9841-3F02ECB240BA}"
EndProject
Global
	GlobalSection(SolutionConfigurationPlatforms) = preSolution
		Debug|Any CPU = Debug|Any CPU
		Release|Any CPU = Release|Any CPU
	EndGlobalSection
	GlobalSection(ProjectConfigurationPlatforms) = postSolution
		{BFF9D801-2F1D-4CB4-9841-3F02ECB240BA}.Debug|Any CPU.ActiveCfg = Debug|Any CPU
		{BFF9D801-2F1D-4CB4-9841-3F02ECB240BA}.Debug|Any CPU.Build.0 = Debug|Any CPU
		{BFF9D801-2F1D-4CB4-9841-3F02ECB240BA}.Release|Any CPU.ActiveCfg = Release|Any CPU
		{BFF9D801-2F1D-4CB4-9841-3F02ECB240BA}.Release|Any CPU.Build.0 = Release|Any CPU
	EndGlobalSection
	GlobalSection(SolutionProperties) = preSolution
		HideSolutionNode = FALSE
	EndGlobalSection
	GlobalSection(ExtensibilityGlobals) = postSolution
		SolutionGuid = {7D4AD75E-B065-4389-8E65-A24DBF948EAB}
	EndGlobalSection
EndGlobal
